// !$*UTF8*$!
{
	archiveVersion = 1;
	classes = {
	};
	objectVersion = 52;
	objects = {

/* Begin PBXBuildFile section */
		A71FEC6B25ED107300C7A4B8 /* StockView.swift in Sources */ = {isa = PBXBuildFile; fileRef = A71FEC6A25ED107300C7A4B8 /* StockView.swift */; };
		A71FEC7E25ED137A00C7A4B8 /* StockTitleView.swift in Sources */ = {isa = PBXBuildFile; fileRef = A71FEC7D25ED137A00C7A4B8 /* StockTitleView.swift */; };
		A71FEC8325ED16AC00C7A4B8 /* StockTextView.swift in Sources */ = {isa = PBXBuildFile; fileRef = A71FEC8225ED16AC00C7A4B8 /* StockTextView.swift */; };
		A71FEC8825ED1AA400C7A4B8 /* MainView.swift in Sources */ = {isa = PBXBuildFile; fileRef = A71FEC8725ED1AA400C7A4B8 /* MainView.swift */; };
		A72096E225E2B89500277617 /* Stock_CheckerApp.swift in Sources */ = {isa = PBXBuildFile; fileRef = A72096E125E2B89500277617 /* Stock_CheckerApp.swift */; };
		A72096E625E2B89500277617 /* Assets.xcassets in Resources */ = {isa = PBXBuildFile; fileRef = A72096E525E2B89500277617 /* Assets.xcassets */; };
		A72096E925E2B89500277617 /* Preview Assets.xcassets in Resources */ = {isa = PBXBuildFile; fileRef = A72096E825E2B89500277617 /* Preview Assets.xcassets */; };
		A72096F425E2B89600277617 /* Stock_CheckerTests.swift in Sources */ = {isa = PBXBuildFile; fileRef = A72096F325E2B89600277617 /* Stock_CheckerTests.swift */; };
		A72096FF25E2B89600277617 /* Stock_CheckerUITests.swift in Sources */ = {isa = PBXBuildFile; fileRef = A72096FE25E2B89600277617 /* Stock_CheckerUITests.swift */; };
		A75C06EF25FD41FE006A3633 /* Extensions.swift in Sources */ = {isa = PBXBuildFile; fileRef = A75C06EE25FD41FE006A3633 /* Extensions.swift */; };
		A764D33A25ECF4B8006D7ECF /* ExploreView.swift in Sources */ = {isa = PBXBuildFile; fileRef = A764D33925ECF4B8006D7ECF /* ExploreView.swift */; };
		A7815ADE25FBA9A000527BF4 /* SignInWithAppleCoordinator.swift in Sources */ = {isa = PBXBuildFile; fileRef = A7815ADD25FBA9A000527BF4 /* SignInWithAppleCoordinator.swift */; };
		A7815AE625FBAD5900527BF4 /* SignInWithAppleButton.swift in Sources */ = {isa = PBXBuildFile; fileRef = A7815AE525FBAD5900527BF4 /* SignInWithAppleButton.swift */; };
		A7815AF025FBAE3300527BF4 /* AccountView.swift in Sources */ = {isa = PBXBuildFile; fileRef = A7815AEF25FBAE3300527BF4 /* AccountView.swift */; };
		A7815AF825FBB64F00527BF4 /* SignInView.swift in Sources */ = {isa = PBXBuildFile; fileRef = A7815AF725FBB64F00527BF4 /* SignInView.swift */; };
		A7E58ED025FB7EAF000AFEC0 /* GoogleService-Info.plist in Resources */ = {isa = PBXBuildFile; fileRef = A7E58ECF25FB7EAF000AFEC0 /* GoogleService-Info.plist */; };
		A7E58ED125FB7EAF000AFEC0 /* GoogleService-Info.plist in Resources */ = {isa = PBXBuildFile; fileRef = A7E58ECF25FB7EAF000AFEC0 /* GoogleService-Info.plist */; };
		A7E58ED225FB7EAF000AFEC0 /* GoogleService-Info.plist in Resources */ = {isa = PBXBuildFile; fileRef = A7E58ECF25FB7EAF000AFEC0 /* GoogleService-Info.plist */; };
		A7FFE2DE25FD1AC9006BAB24 /* Stock.swift in Sources */ = {isa = PBXBuildFile; fileRef = A7FFE2DD25FD1AC9006BAB24 /* Stock.swift */; };
		A7FFE2F125FD23E4006BAB24 /* StockPreviewView.swift in Sources */ = {isa = PBXBuildFile; fileRef = A7FFE2F025FD23E4006BAB24 /* StockPreviewView.swift */; };
		A7FFE30025FD2F46006BAB24 /* iLineChart in Frameworks */ = {isa = PBXBuildFile; productRef = A7FFE2FF25FD2F46006BAB24 /* iLineChart */; };
		CE41120A83AEDF2365E4B7EA /* Pods_Stock_Checker_Stock_CheckerUITests.framework in Frameworks */ = {isa = PBXBuildFile; fileRef = 1EFF94A6A28E5A5244DF5319 /* Pods_Stock_Checker_Stock_CheckerUITests.framework */; };
		D2C8009F552215CE1D01F33C /* Pods_Stock_Checker.framework in Frameworks */ = {isa = PBXBuildFile; fileRef = 60BC1AA983C00A63545D97F1 /* Pods_Stock_Checker.framework */; };
		D52C4EA5262B163B00372D2A /* PopUpMessage.swift in Sources */ = {isa = PBXBuildFile; fileRef = D52C4EA4262B163B00372D2A /* PopUpMessage.swift */; };
		D5F8E649261F62B3003FB092 /* LearningView.swift in Sources */ = {isa = PBXBuildFile; fileRef = D5F8E648261F62B3003FB092 /* LearningView.swift */; };
		D5F8E6562624A742003FB092 /* LearningBrain.swift in Sources */ = {isa = PBXBuildFile; fileRef = D5F8E6552624A742003FB092 /* LearningBrain.swift */; };
		D5F8E65B2624A763003FB092 /* LearningStructure.swift in Sources */ = {isa = PBXBuildFile; fileRef = D5F8E65A2624A763003FB092 /* LearningStructure.swift */; };
		D5F8E6652625E226003FB092 /* LearningViewQuiz.swift in Sources */ = {isa = PBXBuildFile; fileRef = D5F8E6642625E226003FB092 /* LearningViewQuiz.swift */; };
		E7681E29B78CCA90C8608B9F /* Pods_Stock_CheckerTests.framework in Frameworks */ = {isa = PBXBuildFile; fileRef = F56F843DC91EA31362AD96DC /* Pods_Stock_CheckerTests.framework */; };
/* End PBXBuildFile section */

/* Begin PBXContainerItemProxy section */
		A72096F025E2B89600277617 /* PBXContainerItemProxy */ = {
			isa = PBXContainerItemProxy;
			containerPortal = A72096D625E2B89500277617 /* Project object */;
			proxyType = 1;
			remoteGlobalIDString = A72096DD25E2B89500277617;
			remoteInfo = "Stock Checker";
		};
		A72096FB25E2B89600277617 /* PBXContainerItemProxy */ = {
			isa = PBXContainerItemProxy;
			containerPortal = A72096D625E2B89500277617 /* Project object */;
			proxyType = 1;
			remoteGlobalIDString = A72096DD25E2B89500277617;
			remoteInfo = "Stock Checker";
		};
/* End PBXContainerItemProxy section */

/* Begin PBXFileReference section */
		00D608F876A19DEB23E5BEAF /* Pods-Stock Checker-Stock CheckerUITests.release.xcconfig */ = {isa = PBXFileReference; includeInIndex = 1; lastKnownFileType = text.xcconfig; name = "Pods-Stock Checker-Stock CheckerUITests.release.xcconfig"; path = "Target Support Files/Pods-Stock Checker-Stock CheckerUITests/Pods-Stock Checker-Stock CheckerUITests.release.xcconfig"; sourceTree = "<group>"; };
		0512CB819C68656FF0D73AA1 /* Pods-Stock Checker.release.xcconfig */ = {isa = PBXFileReference; includeInIndex = 1; lastKnownFileType = text.xcconfig; name = "Pods-Stock Checker.release.xcconfig"; path = "Target Support Files/Pods-Stock Checker/Pods-Stock Checker.release.xcconfig"; sourceTree = "<group>"; };
		1EFF94A6A28E5A5244DF5319 /* Pods_Stock_Checker_Stock_CheckerUITests.framework */ = {isa = PBXFileReference; explicitFileType = wrapper.framework; includeInIndex = 0; path = Pods_Stock_Checker_Stock_CheckerUITests.framework; sourceTree = BUILT_PRODUCTS_DIR; };
		4EB8DB4AE11DD82DB8B0F06F /* Pods-Stock Checker-Stock CheckerUITests.debug.xcconfig */ = {isa = PBXFileReference; includeInIndex = 1; lastKnownFileType = text.xcconfig; name = "Pods-Stock Checker-Stock CheckerUITests.debug.xcconfig"; path = "Target Support Files/Pods-Stock Checker-Stock CheckerUITests/Pods-Stock Checker-Stock CheckerUITests.debug.xcconfig"; sourceTree = "<group>"; };
		60BC1AA983C00A63545D97F1 /* Pods_Stock_Checker.framework */ = {isa = PBXFileReference; explicitFileType = wrapper.framework; includeInIndex = 0; path = Pods_Stock_Checker.framework; sourceTree = BUILT_PRODUCTS_DIR; };
		6A1276B7B6071607C991BE50 /* Pods-Stock CheckerTests.debug.xcconfig */ = {isa = PBXFileReference; includeInIndex = 1; lastKnownFileType = text.xcconfig; name = "Pods-Stock CheckerTests.debug.xcconfig"; path = "Target Support Files/Pods-Stock CheckerTests/Pods-Stock CheckerTests.debug.xcconfig"; sourceTree = "<group>"; };
		9850F90F843B590E3A0E89F8 /* Pods-Stock CheckerTests.release.xcconfig */ = {isa = PBXFileReference; includeInIndex = 1; lastKnownFileType = text.xcconfig; name = "Pods-Stock CheckerTests.release.xcconfig"; path = "Target Support Files/Pods-Stock CheckerTests/Pods-Stock CheckerTests.release.xcconfig"; sourceTree = "<group>"; };
		A71FEC6A25ED107300C7A4B8 /* StockView.swift */ = {isa = PBXFileReference; lastKnownFileType = sourcecode.swift; path = StockView.swift; sourceTree = "<group>"; };
		A71FEC7D25ED137A00C7A4B8 /* StockTitleView.swift */ = {isa = PBXFileReference; lastKnownFileType = sourcecode.swift; path = StockTitleView.swift; sourceTree = "<group>"; };
		A71FEC8225ED16AC00C7A4B8 /* StockTextView.swift */ = {isa = PBXFileReference; lastKnownFileType = sourcecode.swift; path = StockTextView.swift; sourceTree = "<group>"; };
		A71FEC8725ED1AA400C7A4B8 /* MainView.swift */ = {isa = PBXFileReference; lastKnownFileType = sourcecode.swift; path = MainView.swift; sourceTree = "<group>"; };
		A72096DE25E2B89500277617 /* Stock Checker.app */ = {isa = PBXFileReference; explicitFileType = wrapper.application; includeInIndex = 0; path = "Stock Checker.app"; sourceTree = BUILT_PRODUCTS_DIR; };
		A72096E125E2B89500277617 /* Stock_CheckerApp.swift */ = {isa = PBXFileReference; lastKnownFileType = sourcecode.swift; path = Stock_CheckerApp.swift; sourceTree = "<group>"; };
		A72096E525E2B89500277617 /* Assets.xcassets */ = {isa = PBXFileReference; lastKnownFileType = folder.assetcatalog; path = Assets.xcassets; sourceTree = "<group>"; };
		A72096E825E2B89500277617 /* Preview Assets.xcassets */ = {isa = PBXFileReference; lastKnownFileType = folder.assetcatalog; path = "Preview Assets.xcassets"; sourceTree = "<group>"; };
		A72096EA25E2B89500277617 /* Info.plist */ = {isa = PBXFileReference; lastKnownFileType = text.plist.xml; path = Info.plist; sourceTree = "<group>"; };
		A72096EF25E2B89600277617 /* Stock CheckerTests.xctest */ = {isa = PBXFileReference; explicitFileType = wrapper.cfbundle; includeInIndex = 0; path = "Stock CheckerTests.xctest"; sourceTree = BUILT_PRODUCTS_DIR; };
		A72096F325E2B89600277617 /* Stock_CheckerTests.swift */ = {isa = PBXFileReference; lastKnownFileType = sourcecode.swift; path = Stock_CheckerTests.swift; sourceTree = "<group>"; };
		A72096F525E2B89600277617 /* Info.plist */ = {isa = PBXFileReference; lastKnownFileType = text.plist.xml; path = Info.plist; sourceTree = "<group>"; };
		A72096FA25E2B89600277617 /* Stock CheckerUITests.xctest */ = {isa = PBXFileReference; explicitFileType = wrapper.cfbundle; includeInIndex = 0; path = "Stock CheckerUITests.xctest"; sourceTree = BUILT_PRODUCTS_DIR; };
		A72096FE25E2B89600277617 /* Stock_CheckerUITests.swift */ = {isa = PBXFileReference; lastKnownFileType = sourcecode.swift; path = Stock_CheckerUITests.swift; sourceTree = "<group>"; };
		A720970025E2B89600277617 /* Info.plist */ = {isa = PBXFileReference; lastKnownFileType = text.plist.xml; path = Info.plist; sourceTree = "<group>"; };
		A73D784F25FB882300E96752 /* Stock Checker.entitlements */ = {isa = PBXFileReference; lastKnownFileType = text.plist.entitlements; path = "Stock Checker.entitlements"; sourceTree = "<group>"; };
		A75C06EE25FD41FE006A3633 /* Extensions.swift */ = {isa = PBXFileReference; lastKnownFileType = sourcecode.swift; path = Extensions.swift; sourceTree = "<group>"; };
		A764D33925ECF4B8006D7ECF /* ExploreView.swift */ = {isa = PBXFileReference; lastKnownFileType = sourcecode.swift; path = ExploreView.swift; sourceTree = "<group>"; };
		A7815ADD25FBA9A000527BF4 /* SignInWithAppleCoordinator.swift */ = {isa = PBXFileReference; lastKnownFileType = sourcecode.swift; path = SignInWithAppleCoordinator.swift; sourceTree = "<group>"; };
		A7815AE525FBAD5900527BF4 /* SignInWithAppleButton.swift */ = {isa = PBXFileReference; lastKnownFileType = sourcecode.swift; path = SignInWithAppleButton.swift; sourceTree = "<group>"; };
		A7815AEF25FBAE3300527BF4 /* AccountView.swift */ = {isa = PBXFileReference; lastKnownFileType = sourcecode.swift; path = AccountView.swift; sourceTree = "<group>"; };
		A7815AF725FBB64F00527BF4 /* SignInView.swift */ = {isa = PBXFileReference; lastKnownFileType = sourcecode.swift; path = SignInView.swift; sourceTree = "<group>"; };
		A7E58ECF25FB7EAF000AFEC0 /* GoogleService-Info.plist */ = {isa = PBXFileReference; fileEncoding = 4; lastKnownFileType = text.plist.xml; path = "GoogleService-Info.plist"; sourceTree = "<group>"; };
		A7FFE2DD25FD1AC9006BAB24 /* Stock.swift */ = {isa = PBXFileReference; lastKnownFileType = sourcecode.swift; path = Stock.swift; sourceTree = "<group>"; };
		A7FFE2F025FD23E4006BAB24 /* StockPreviewView.swift */ = {isa = PBXFileReference; lastKnownFileType = sourcecode.swift; path = StockPreviewView.swift; sourceTree = "<group>"; };
		C9BB5F27F9FF9EDB0CEFA0AE /* Pods-Stock Checker.debug.xcconfig */ = {isa = PBXFileReference; includeInIndex = 1; lastKnownFileType = text.xcconfig; name = "Pods-Stock Checker.debug.xcconfig"; path = "Target Support Files/Pods-Stock Checker/Pods-Stock Checker.debug.xcconfig"; sourceTree = "<group>"; };
		D52C4EA4262B163B00372D2A /* PopUpMessage.swift */ = {isa = PBXFileReference; lastKnownFileType = sourcecode.swift; path = PopUpMessage.swift; sourceTree = "<group>"; };
		D5F8E648261F62B3003FB092 /* LearningView.swift */ = {isa = PBXFileReference; lastKnownFileType = sourcecode.swift; path = LearningView.swift; sourceTree = "<group>"; };
		D5F8E6552624A742003FB092 /* LearningBrain.swift */ = {isa = PBXFileReference; lastKnownFileType = sourcecode.swift; path = LearningBrain.swift; sourceTree = "<group>"; };
		D5F8E65A2624A763003FB092 /* LearningStructure.swift */ = {isa = PBXFileReference; lastKnownFileType = sourcecode.swift; path = LearningStructure.swift; sourceTree = "<group>"; };
		D5F8E6642625E226003FB092 /* LearningViewQuiz.swift */ = {isa = PBXFileReference; lastKnownFileType = sourcecode.swift; path = LearningViewQuiz.swift; sourceTree = "<group>"; };
		F56F843DC91EA31362AD96DC /* Pods_Stock_CheckerTests.framework */ = {isa = PBXFileReference; explicitFileType = wrapper.framework; includeInIndex = 0; path = Pods_Stock_CheckerTests.framework; sourceTree = BUILT_PRODUCTS_DIR; };
/* End PBXFileReference section */

/* Begin PBXFrameworksBuildPhase section */
		A72096DB25E2B89500277617 /* Frameworks */ = {
			isa = PBXFrameworksBuildPhase;
			buildActionMask = 2147483647;
			files = (
				A7FFE30025FD2F46006BAB24 /* iLineChart in Frameworks */,
				D2C8009F552215CE1D01F33C /* Pods_Stock_Checker.framework in Frameworks */,
			);
			runOnlyForDeploymentPostprocessing = 0;
		};
		A72096EC25E2B89600277617 /* Frameworks */ = {
			isa = PBXFrameworksBuildPhase;
			buildActionMask = 2147483647;
			files = (
				E7681E29B78CCA90C8608B9F /* Pods_Stock_CheckerTests.framework in Frameworks */,
			);
			runOnlyForDeploymentPostprocessing = 0;
		};
		A72096F725E2B89600277617 /* Frameworks */ = {
			isa = PBXFrameworksBuildPhase;
			buildActionMask = 2147483647;
			files = (
				CE41120A83AEDF2365E4B7EA /* Pods_Stock_Checker_Stock_CheckerUITests.framework in Frameworks */,
			);
			runOnlyForDeploymentPostprocessing = 0;
		};
/* End PBXFrameworksBuildPhase section */

/* Begin PBXGroup section */
		128992F86F3EAEFC342A4670 /* Frameworks */ = {
			isa = PBXGroup;
			children = (
				60BC1AA983C00A63545D97F1 /* Pods_Stock_Checker.framework */,
				1EFF94A6A28E5A5244DF5319 /* Pods_Stock_Checker_Stock_CheckerUITests.framework */,
				F56F843DC91EA31362AD96DC /* Pods_Stock_CheckerTests.framework */,
			);
			name = Frameworks;
			sourceTree = "<group>";
		};
		5A2A864901D931E9F562C2D3 /* Pods */ = {
			isa = PBXGroup;
			children = (
				C9BB5F27F9FF9EDB0CEFA0AE /* Pods-Stock Checker.debug.xcconfig */,
				0512CB819C68656FF0D73AA1 /* Pods-Stock Checker.release.xcconfig */,
				4EB8DB4AE11DD82DB8B0F06F /* Pods-Stock Checker-Stock CheckerUITests.debug.xcconfig */,
				00D608F876A19DEB23E5BEAF /* Pods-Stock Checker-Stock CheckerUITests.release.xcconfig */,
				6A1276B7B6071607C991BE50 /* Pods-Stock CheckerTests.debug.xcconfig */,
				9850F90F843B590E3A0E89F8 /* Pods-Stock CheckerTests.release.xcconfig */,
			);
			path = Pods;
			sourceTree = "<group>";
		};
		A72096D525E2B89500277617 = {
			isa = PBXGroup;
			children = (
				A72096E025E2B89500277617 /* Stock Checker */,
				A72096F225E2B89600277617 /* Stock CheckerTests */,
				A72096FD25E2B89600277617 /* Stock CheckerUITests */,
				A72096DF25E2B89500277617 /* Products */,
				5A2A864901D931E9F562C2D3 /* Pods */,
				128992F86F3EAEFC342A4670 /* Frameworks */,
			);
			sourceTree = "<group>";
		};
		A72096DF25E2B89500277617 /* Products */ = {
			isa = PBXGroup;
			children = (
				A72096DE25E2B89500277617 /* Stock Checker.app */,
				A72096EF25E2B89600277617 /* Stock CheckerTests.xctest */,
				A72096FA25E2B89600277617 /* Stock CheckerUITests.xctest */,
			);
			name = Products;
			sourceTree = "<group>";
		};
		A72096E025E2B89500277617 /* Stock Checker */ = {
			isa = PBXGroup;
			children = (
				A73D784F25FB882300E96752 /* Stock Checker.entitlements */,
				A72096E125E2B89500277617 /* Stock_CheckerApp.swift */,
				A75C06ED25FD41EC006A3633 /* Utilities */,
				A7815ADC25FBA98200527BF4 /* Services */,
				A7FFE2DC25FD1A35006BAB24 /* Models */,
				A764D33825ECF493006D7ECF /* Views */,
				A72096E525E2B89500277617 /* Assets.xcassets */,
				A72096EA25E2B89500277617 /* Info.plist */,
				A7E58ECF25FB7EAF000AFEC0 /* GoogleService-Info.plist */,
				A72096E725E2B89500277617 /* Preview Content */,
			);
			path = "Stock Checker";
			sourceTree = "<group>";
		};
		A72096E725E2B89500277617 /* Preview Content */ = {
			isa = PBXGroup;
			children = (
				A72096E825E2B89500277617 /* Preview Assets.xcassets */,
			);
			path = "Preview Content";
			sourceTree = "<group>";
		};
		A72096F225E2B89600277617 /* Stock CheckerTests */ = {
			isa = PBXGroup;
			children = (
				A72096F325E2B89600277617 /* Stock_CheckerTests.swift */,
				A72096F525E2B89600277617 /* Info.plist */,
			);
			path = "Stock CheckerTests";
			sourceTree = "<group>";
		};
		A72096FD25E2B89600277617 /* Stock CheckerUITests */ = {
			isa = PBXGroup;
			children = (
				A72096FE25E2B89600277617 /* Stock_CheckerUITests.swift */,
				A720970025E2B89600277617 /* Info.plist */,
			);
			path = "Stock CheckerUITests";
			sourceTree = "<group>";
		};
		A75C06ED25FD41EC006A3633 /* Utilities */ = {
			isa = PBXGroup;
			children = (
				A75C06EE25FD41FE006A3633 /* Extensions.swift */,
			);
			path = Utilities;
			sourceTree = "<group>";
		};
		A764D33825ECF493006D7ECF /* Views */ = {
			isa = PBXGroup;
			children = (
				A71FEC8725ED1AA400C7A4B8 /* MainView.swift */,
				A764D33925ECF4B8006D7ECF /* ExploreView.swift */,
				A7815AEF25FBAE3300527BF4 /* AccountView.swift */,
				A7815AF725FBB64F00527BF4 /* SignInView.swift */,
				A7FFE2F025FD23E4006BAB24 /* StockPreviewView.swift */,
				A71FEC6A25ED107300C7A4B8 /* StockView.swift */,
				A71FEC7D25ED137A00C7A4B8 /* StockTitleView.swift */,
				A71FEC8225ED16AC00C7A4B8 /* StockTextView.swift */,
				A7815AE525FBAD5900527BF4 /* SignInWithAppleButton.swift */,
				D5F8E648261F62B3003FB092 /* LearningView.swift */,
				D5F8E6642625E226003FB092 /* LearningViewQuiz.swift */,
				D52C4EA4262B163B00372D2A /* PopUpMessage.swift */,
			);
			path = Views;
			sourceTree = "<group>";
		};
		A7815ADC25FBA98200527BF4 /* Services */ = {
			isa = PBXGroup;
			children = (
				A7815ADD25FBA9A000527BF4 /* SignInWithAppleCoordinator.swift */,
			);
			path = Services;
			sourceTree = "<group>";
		};
		A7FFE2DC25FD1A35006BAB24 /* Models */ = {
			isa = PBXGroup;
			children = (
				A7FFE2DD25FD1AC9006BAB24 /* Stock.swift */,
				D5F8E6552624A742003FB092 /* LearningBrain.swift */,
				D5F8E65A2624A763003FB092 /* LearningStructure.swift */,
			);
			path = Models;
			sourceTree = "<group>";
		};
/* End PBXGroup section */

/* Begin PBXNativeTarget section */
		A72096DD25E2B89500277617 /* Stock Checker */ = {
			isa = PBXNativeTarget;
			buildConfigurationList = A720970325E2B89600277617 /* Build configuration list for PBXNativeTarget "Stock Checker" */;
			buildPhases = (
				4291F173ABA03919A6D2E4D0 /* [CP] Check Pods Manifest.lock */,
				A72096DA25E2B89500277617 /* Sources */,
				A72096DB25E2B89500277617 /* Frameworks */,
				A72096DC25E2B89500277617 /* Resources */,
				9F59AF5A48373D08B201D36C /* [CP] Embed Pods Frameworks */,
			);
			buildRules = (
			);
			dependencies = (
			);
			name = "Stock Checker";
			packageProductDependencies = (
				A7FFE2FF25FD2F46006BAB24 /* iLineChart */,
			);
			productName = "Stock Checker";
			productReference = A72096DE25E2B89500277617 /* Stock Checker.app */;
			productType = "com.apple.product-type.application";
		};
		A72096EE25E2B89600277617 /* Stock CheckerTests */ = {
			isa = PBXNativeTarget;
			buildConfigurationList = A720970625E2B89600277617 /* Build configuration list for PBXNativeTarget "Stock CheckerTests" */;
			buildPhases = (
				E5F7442A22E4D3CD083A8AC5 /* [CP] Check Pods Manifest.lock */,
				A72096EB25E2B89600277617 /* Sources */,
				A72096EC25E2B89600277617 /* Frameworks */,
				A72096ED25E2B89600277617 /* Resources */,
			);
			buildRules = (
			);
			dependencies = (
				A72096F125E2B89600277617 /* PBXTargetDependency */,
			);
			name = "Stock CheckerTests";
			productName = "Stock CheckerTests";
			productReference = A72096EF25E2B89600277617 /* Stock CheckerTests.xctest */;
			productType = "com.apple.product-type.bundle.unit-test";
		};
		A72096F925E2B89600277617 /* Stock CheckerUITests */ = {
			isa = PBXNativeTarget;
			buildConfigurationList = A720970925E2B89600277617 /* Build configuration list for PBXNativeTarget "Stock CheckerUITests" */;
			buildPhases = (
				9B2EFC86926B1E2024477A6B /* [CP] Check Pods Manifest.lock */,
				A72096F625E2B89600277617 /* Sources */,
				A72096F725E2B89600277617 /* Frameworks */,
				A72096F825E2B89600277617 /* Resources */,
				B26FB6294D202F7C8B97CE52 /* [CP] Embed Pods Frameworks */,
			);
			buildRules = (
			);
			dependencies = (
				A72096FC25E2B89600277617 /* PBXTargetDependency */,
			);
			name = "Stock CheckerUITests";
			productName = "Stock CheckerUITests";
			productReference = A72096FA25E2B89600277617 /* Stock CheckerUITests.xctest */;
			productType = "com.apple.product-type.bundle.ui-testing";
		};
/* End PBXNativeTarget section */

/* Begin PBXProject section */
		A72096D625E2B89500277617 /* Project object */ = {
			isa = PBXProject;
			attributes = {
				LastSwiftUpdateCheck = 1240;
				LastUpgradeCheck = 1240;
				TargetAttributes = {
					A72096DD25E2B89500277617 = {
						CreatedOnToolsVersion = 12.4;
					};
					A72096EE25E2B89600277617 = {
						CreatedOnToolsVersion = 12.4;
						TestTargetID = A72096DD25E2B89500277617;
					};
					A72096F925E2B89600277617 = {
						CreatedOnToolsVersion = 12.4;
						TestTargetID = A72096DD25E2B89500277617;
					};
				};
			};
			buildConfigurationList = A72096D925E2B89500277617 /* Build configuration list for PBXProject "Stock Checker" */;
			compatibilityVersion = "Xcode 9.3";
			developmentRegion = en;
			hasScannedForEncodings = 0;
			knownRegions = (
				en,
				Base,
			);
			mainGroup = A72096D525E2B89500277617;
			packageReferences = (
				A71FEC6F25ED119B00C7A4B8 /* XCRemoteSwiftPackageReference "ChartView" */,
				A7FFE2FE25FD2F46006BAB24 /* XCRemoteSwiftPackageReference "iLineChart" */,
			);
			productRefGroup = A72096DF25E2B89500277617 /* Products */;
			projectDirPath = "";
			projectRoot = "";
			targets = (
				A72096DD25E2B89500277617 /* Stock Checker */,
				A72096EE25E2B89600277617 /* Stock CheckerTests */,
				A72096F925E2B89600277617 /* Stock CheckerUITests */,
			);
		};
/* End PBXProject section */

/* Begin PBXResourcesBuildPhase section */
		A72096DC25E2B89500277617 /* Resources */ = {
			isa = PBXResourcesBuildPhase;
			buildActionMask = 2147483647;
			files = (
				A72096E925E2B89500277617 /* Preview Assets.xcassets in Resources */,
				A72096E625E2B89500277617 /* Assets.xcassets in Resources */,
				A7E58ED025FB7EAF000AFEC0 /* GoogleService-Info.plist in Resources */,
			);
			runOnlyForDeploymentPostprocessing = 0;
		};
		A72096ED25E2B89600277617 /* Resources */ = {
			isa = PBXResourcesBuildPhase;
			buildActionMask = 2147483647;
			files = (
				A7E58ED125FB7EAF000AFEC0 /* GoogleService-Info.plist in Resources */,
			);
			runOnlyForDeploymentPostprocessing = 0;
		};
		A72096F825E2B89600277617 /* Resources */ = {
			isa = PBXResourcesBuildPhase;
			buildActionMask = 2147483647;
			files = (
				A7E58ED225FB7EAF000AFEC0 /* GoogleService-Info.plist in Resources */,
			);
			runOnlyForDeploymentPostprocessing = 0;
		};
/* End PBXResourcesBuildPhase section */

/* Begin PBXShellScriptBuildPhase section */
		4291F173ABA03919A6D2E4D0 /* [CP] Check Pods Manifest.lock */ = {
			isa = PBXShellScriptBuildPhase;
			buildActionMask = 2147483647;
			files = (
			);
			inputFileListPaths = (
			);
			inputPaths = (
				"${PODS_PODFILE_DIR_PATH}/Podfile.lock",
				"${PODS_ROOT}/Manifest.lock",
			);
			name = "[CP] Check Pods Manifest.lock";
			outputFileListPaths = (
			);
			outputPaths = (
				"$(DERIVED_FILE_DIR)/Pods-Stock Checker-checkManifestLockResult.txt",
			);
			runOnlyForDeploymentPostprocessing = 0;
			shellPath = /bin/sh;
			shellScript = "diff \"${PODS_PODFILE_DIR_PATH}/Podfile.lock\" \"${PODS_ROOT}/Manifest.lock\" > /dev/null\nif [ $? != 0 ] ; then\n    # print error to STDERR\n    echo \"error: The sandbox is not in sync with the Podfile.lock. Run 'pod install' or update your CocoaPods installation.\" >&2\n    exit 1\nfi\n# This output is used by Xcode 'outputs' to avoid re-running this script phase.\necho \"SUCCESS\" > \"${SCRIPT_OUTPUT_FILE_0}\"\n";
			showEnvVarsInLog = 0;
		};
		9B2EFC86926B1E2024477A6B /* [CP] Check Pods Manifest.lock */ = {
			isa = PBXShellScriptBuildPhase;
			buildActionMask = 2147483647;
			files = (
			);
			inputFileListPaths = (
			);
			inputPaths = (
				"${PODS_PODFILE_DIR_PATH}/Podfile.lock",
				"${PODS_ROOT}/Manifest.lock",
			);
			name = "[CP] Check Pods Manifest.lock";
			outputFileListPaths = (
			);
			outputPaths = (
				"$(DERIVED_FILE_DIR)/Pods-Stock Checker-Stock CheckerUITests-checkManifestLockResult.txt",
			);
			runOnlyForDeploymentPostprocessing = 0;
			shellPath = /bin/sh;
			shellScript = "diff \"${PODS_PODFILE_DIR_PATH}/Podfile.lock\" \"${PODS_ROOT}/Manifest.lock\" > /dev/null\nif [ $? != 0 ] ; then\n    # print error to STDERR\n    echo \"error: The sandbox is not in sync with the Podfile.lock. Run 'pod install' or update your CocoaPods installation.\" >&2\n    exit 1\nfi\n# This output is used by Xcode 'outputs' to avoid re-running this script phase.\necho \"SUCCESS\" > \"${SCRIPT_OUTPUT_FILE_0}\"\n";
			showEnvVarsInLog = 0;
		};
		9F59AF5A48373D08B201D36C /* [CP] Embed Pods Frameworks */ = {
			isa = PBXShellScriptBuildPhase;
			buildActionMask = 2147483647;
			files = (
			);
			inputFileListPaths = (
				"${PODS_ROOT}/Target Support Files/Pods-Stock Checker/Pods-Stock Checker-frameworks-${CONFIGURATION}-input-files.xcfilelist",
			);
			name = "[CP] Embed Pods Frameworks";
			outputFileListPaths = (
				"${PODS_ROOT}/Target Support Files/Pods-Stock Checker/Pods-Stock Checker-frameworks-${CONFIGURATION}-output-files.xcfilelist",
			);
			runOnlyForDeploymentPostprocessing = 0;
			shellPath = /bin/sh;
			shellScript = "\"${PODS_ROOT}/Target Support Files/Pods-Stock Checker/Pods-Stock Checker-frameworks.sh\"\n";
			showEnvVarsInLog = 0;
		};
		B26FB6294D202F7C8B97CE52 /* [CP] Embed Pods Frameworks */ = {
			isa = PBXShellScriptBuildPhase;
			buildActionMask = 2147483647;
			files = (
			);
			inputFileListPaths = (
				"${PODS_ROOT}/Target Support Files/Pods-Stock Checker-Stock CheckerUITests/Pods-Stock Checker-Stock CheckerUITests-frameworks-${CONFIGURATION}-input-files.xcfilelist",
			);
			name = "[CP] Embed Pods Frameworks";
			outputFileListPaths = (
				"${PODS_ROOT}/Target Support Files/Pods-Stock Checker-Stock CheckerUITests/Pods-Stock Checker-Stock CheckerUITests-frameworks-${CONFIGURATION}-output-files.xcfilelist",
			);
			runOnlyForDeploymentPostprocessing = 0;
			shellPath = /bin/sh;
			shellScript = "\"${PODS_ROOT}/Target Support Files/Pods-Stock Checker-Stock CheckerUITests/Pods-Stock Checker-Stock CheckerUITests-frameworks.sh\"\n";
			showEnvVarsInLog = 0;
		};
		E5F7442A22E4D3CD083A8AC5 /* [CP] Check Pods Manifest.lock */ = {
			isa = PBXShellScriptBuildPhase;
			buildActionMask = 2147483647;
			files = (
			);
			inputFileListPaths = (
			);
			inputPaths = (
				"${PODS_PODFILE_DIR_PATH}/Podfile.lock",
				"${PODS_ROOT}/Manifest.lock",
			);
			name = "[CP] Check Pods Manifest.lock";
			outputFileListPaths = (
			);
			outputPaths = (
				"$(DERIVED_FILE_DIR)/Pods-Stock CheckerTests-checkManifestLockResult.txt",
			);
			runOnlyForDeploymentPostprocessing = 0;
			shellPath = /bin/sh;
			shellScript = "diff \"${PODS_PODFILE_DIR_PATH}/Podfile.lock\" \"${PODS_ROOT}/Manifest.lock\" > /dev/null\nif [ $? != 0 ] ; then\n    # print error to STDERR\n    echo \"error: The sandbox is not in sync with the Podfile.lock. Run 'pod install' or update your CocoaPods installation.\" >&2\n    exit 1\nfi\n# This output is used by Xcode 'outputs' to avoid re-running this script phase.\necho \"SUCCESS\" > \"${SCRIPT_OUTPUT_FILE_0}\"\n";
			showEnvVarsInLog = 0;
		};
/* End PBXShellScriptBuildPhase section */

/* Begin PBXSourcesBuildPhase section */
		A72096DA25E2B89500277617 /* Sources */ = {
			isa = PBXSourcesBuildPhase;
			buildActionMask = 2147483647;
			files = (
				A71FEC8325ED16AC00C7A4B8 /* StockTextView.swift in Sources */,
				A7FFE2DE25FD1AC9006BAB24 /* Stock.swift in Sources */,
				A71FEC8825ED1AA400C7A4B8 /* MainView.swift in Sources */,
				D5F8E65B2624A763003FB092 /* LearningStructure.swift in Sources */,
				D52C4EA5262B163B00372D2A /* PopUpMessage.swift in Sources */,
				A7815ADE25FBA9A000527BF4 /* SignInWithAppleCoordinator.swift in Sources */,
				D5F8E6652625E226003FB092 /* LearningViewQuiz.swift in Sources */,
				A7815AF025FBAE3300527BF4 /* AccountView.swift in Sources */,
				A7FFE2F125FD23E4006BAB24 /* StockPreviewView.swift in Sources */,
				A7815AF825FBB64F00527BF4 /* SignInView.swift in Sources */,
				A71FEC7E25ED137A00C7A4B8 /* StockTitleView.swift in Sources */,
				A71FEC6B25ED107300C7A4B8 /* StockView.swift in Sources */,
				A764D33A25ECF4B8006D7ECF /* ExploreView.swift in Sources */,
				A7815AE625FBAD5900527BF4 /* SignInWithAppleButton.swift in Sources */,
				A72096E225E2B89500277617 /* Stock_CheckerApp.swift in Sources */,
				D5F8E6562624A742003FB092 /* LearningBrain.swift in Sources */,
				D5F8E649261F62B3003FB092 /* LearningView.swift in Sources */,
				A75C06EF25FD41FE006A3633 /* Extensions.swift in Sources */,
			);
			runOnlyForDeploymentPostprocessing = 0;
		};
		A72096EB25E2B89600277617 /* Sources */ = {
			isa = PBXSourcesBuildPhase;
			buildActionMask = 2147483647;
			files = (
				A72096F425E2B89600277617 /* Stock_CheckerTests.swift in Sources */,
			);
			runOnlyForDeploymentPostprocessing = 0;
		};
		A72096F625E2B89600277617 /* Sources */ = {
			isa = PBXSourcesBuildPhase;
			buildActionMask = 2147483647;
			files = (
				A72096FF25E2B89600277617 /* Stock_CheckerUITests.swift in Sources */,
			);
			runOnlyForDeploymentPostprocessing = 0;
		};
/* End PBXSourcesBuildPhase section */

/* Begin PBXTargetDependency section */
		A72096F125E2B89600277617 /* PBXTargetDependency */ = {
			isa = PBXTargetDependency;
			target = A72096DD25E2B89500277617 /* Stock Checker */;
			targetProxy = A72096F025E2B89600277617 /* PBXContainerItemProxy */;
		};
		A72096FC25E2B89600277617 /* PBXTargetDependency */ = {
			isa = PBXTargetDependency;
			target = A72096DD25E2B89500277617 /* Stock Checker */;
			targetProxy = A72096FB25E2B89600277617 /* PBXContainerItemProxy */;
		};
/* End PBXTargetDependency section */

/* Begin XCBuildConfiguration section */
		A720970125E2B89600277617 /* Debug */ = {
			isa = XCBuildConfiguration;
			buildSettings = {
				ALWAYS_SEARCH_USER_PATHS = NO;
				CLANG_ANALYZER_NONNULL = YES;
				CLANG_ANALYZER_NUMBER_OBJECT_CONVERSION = YES_AGGRESSIVE;
				CLANG_CXX_LANGUAGE_STANDARD = "gnu++14";
				CLANG_CXX_LIBRARY = "libc++";
				CLANG_ENABLE_MODULES = YES;
				CLANG_ENABLE_OBJC_ARC = YES;
				CLANG_ENABLE_OBJC_WEAK = YES;
				CLANG_WARN_BLOCK_CAPTURE_AUTORELEASING = YES;
				CLANG_WARN_BOOL_CONVERSION = YES;
				CLANG_WARN_COMMA = YES;
				CLANG_WARN_CONSTANT_CONVERSION = YES;
				CLANG_WARN_DEPRECATED_OBJC_IMPLEMENTATIONS = YES;
				CLANG_WARN_DIRECT_OBJC_ISA_USAGE = YES_ERROR;
				CLANG_WARN_DOCUMENTATION_COMMENTS = YES;
				CLANG_WARN_EMPTY_BODY = YES;
				CLANG_WARN_ENUM_CONVERSION = YES;
				CLANG_WARN_INFINITE_RECURSION = YES;
				CLANG_WARN_INT_CONVERSION = YES;
				CLANG_WARN_NON_LITERAL_NULL_CONVERSION = YES;
				CLANG_WARN_OBJC_IMPLICIT_RETAIN_SELF = YES;
				CLANG_WARN_OBJC_LITERAL_CONVERSION = YES;
				CLANG_WARN_OBJC_ROOT_CLASS = YES_ERROR;
				CLANG_WARN_QUOTED_INCLUDE_IN_FRAMEWORK_HEADER = YES;
				CLANG_WARN_RANGE_LOOP_ANALYSIS = YES;
				CLANG_WARN_STRICT_PROTOTYPES = YES;
				CLANG_WARN_SUSPICIOUS_MOVE = YES;
				CLANG_WARN_UNGUARDED_AVAILABILITY = YES_AGGRESSIVE;
				CLANG_WARN_UNREACHABLE_CODE = YES;
				CLANG_WARN__DUPLICATE_METHOD_MATCH = YES;
				COPY_PHASE_STRIP = NO;
				DEBUG_INFORMATION_FORMAT = dwarf;
				ENABLE_STRICT_OBJC_MSGSEND = YES;
				ENABLE_TESTABILITY = YES;
				GCC_C_LANGUAGE_STANDARD = gnu11;
				GCC_DYNAMIC_NO_PIC = NO;
				GCC_NO_COMMON_BLOCKS = YES;
				GCC_OPTIMIZATION_LEVEL = 0;
				GCC_PREPROCESSOR_DEFINITIONS = (
					"DEBUG=1",
					"$(inherited)",
				);
				GCC_WARN_64_TO_32_BIT_CONVERSION = YES;
				GCC_WARN_ABOUT_RETURN_TYPE = YES_ERROR;
				GCC_WARN_UNDECLARED_SELECTOR = YES;
				GCC_WARN_UNINITIALIZED_AUTOS = YES_AGGRESSIVE;
				GCC_WARN_UNUSED_FUNCTION = YES;
				GCC_WARN_UNUSED_VARIABLE = YES;
				IPHONEOS_DEPLOYMENT_TARGET = 14.4;
				MTL_ENABLE_DEBUG_INFO = INCLUDE_SOURCE;
				MTL_FAST_MATH = YES;
				ONLY_ACTIVE_ARCH = YES;
				SDKROOT = iphoneos;
				SWIFT_ACTIVE_COMPILATION_CONDITIONS = DEBUG;
				SWIFT_OPTIMIZATION_LEVEL = "-Onone";
			};
			name = Debug;
		};
		A720970225E2B89600277617 /* Release */ = {
			isa = XCBuildConfiguration;
			buildSettings = {
				ALWAYS_SEARCH_USER_PATHS = NO;
				CLANG_ANALYZER_NONNULL = YES;
				CLANG_ANALYZER_NUMBER_OBJECT_CONVERSION = YES_AGGRESSIVE;
				CLANG_CXX_LANGUAGE_STANDARD = "gnu++14";
				CLANG_CXX_LIBRARY = "libc++";
				CLANG_ENABLE_MODULES = YES;
				CLANG_ENABLE_OBJC_ARC = YES;
				CLANG_ENABLE_OBJC_WEAK = YES;
				CLANG_WARN_BLOCK_CAPTURE_AUTORELEASING = YES;
				CLANG_WARN_BOOL_CONVERSION = YES;
				CLANG_WARN_COMMA = YES;
				CLANG_WARN_CONSTANT_CONVERSION = YES;
				CLANG_WARN_DEPRECATED_OBJC_IMPLEMENTATIONS = YES;
				CLANG_WARN_DIRECT_OBJC_ISA_USAGE = YES_ERROR;
				CLANG_WARN_DOCUMENTATION_COMMENTS = YES;
				CLANG_WARN_EMPTY_BODY = YES;
				CLANG_WARN_ENUM_CONVERSION = YES;
				CLANG_WARN_INFINITE_RECURSION = YES;
				CLANG_WARN_INT_CONVERSION = YES;
				CLANG_WARN_NON_LITERAL_NULL_CONVERSION = YES;
				CLANG_WARN_OBJC_IMPLICIT_RETAIN_SELF = YES;
				CLANG_WARN_OBJC_LITERAL_CONVERSION = YES;
				CLANG_WARN_OBJC_ROOT_CLASS = YES_ERROR;
				CLANG_WARN_QUOTED_INCLUDE_IN_FRAMEWORK_HEADER = YES;
				CLANG_WARN_RANGE_LOOP_ANALYSIS = YES;
				CLANG_WARN_STRICT_PROTOTYPES = YES;
				CLANG_WARN_SUSPICIOUS_MOVE = YES;
				CLANG_WARN_UNGUARDED_AVAILABILITY = YES_AGGRESSIVE;
				CLANG_WARN_UNREACHABLE_CODE = YES;
				CLANG_WARN__DUPLICATE_METHOD_MATCH = YES;
				COPY_PHASE_STRIP = NO;
				DEBUG_INFORMATION_FORMAT = "dwarf-with-dsym";
				ENABLE_NS_ASSERTIONS = NO;
				ENABLE_STRICT_OBJC_MSGSEND = YES;
				GCC_C_LANGUAGE_STANDARD = gnu11;
				GCC_NO_COMMON_BLOCKS = YES;
				GCC_WARN_64_TO_32_BIT_CONVERSION = YES;
				GCC_WARN_ABOUT_RETURN_TYPE = YES_ERROR;
				GCC_WARN_UNDECLARED_SELECTOR = YES;
				GCC_WARN_UNINITIALIZED_AUTOS = YES_AGGRESSIVE;
				GCC_WARN_UNUSED_FUNCTION = YES;
				GCC_WARN_UNUSED_VARIABLE = YES;
				IPHONEOS_DEPLOYMENT_TARGET = 14.4;
				MTL_ENABLE_DEBUG_INFO = NO;
				MTL_FAST_MATH = YES;
				SDKROOT = iphoneos;
				SWIFT_COMPILATION_MODE = wholemodule;
				SWIFT_OPTIMIZATION_LEVEL = "-O";
				VALIDATE_PRODUCT = YES;
			};
			name = Release;
		};
		A720970425E2B89600277617 /* Debug */ = {
			isa = XCBuildConfiguration;
			baseConfigurationReference = C9BB5F27F9FF9EDB0CEFA0AE /* Pods-Stock Checker.debug.xcconfig */;
			buildSettings = {
				ASSETCATALOG_COMPILER_APPICON_NAME = AppIcon;
				ASSETCATALOG_COMPILER_GLOBAL_ACCENT_COLOR_NAME = AccentColor;
				CODE_SIGN_ENTITLEMENTS = "Stock Checker/Stock Checker.entitlements";
				CODE_SIGN_STYLE = Automatic;
				DEVELOPMENT_ASSET_PATHS = "\"Stock Checker/Preview Content\"";
				DEVELOPMENT_TEAM = 9F4D8754ZW;
				ENABLE_PREVIEWS = YES;
				INFOPLIST_FILE = "Stock Checker/Info.plist";
				IPHONEOS_DEPLOYMENT_TARGET = 14.0;
				LD_RUNPATH_SEARCH_PATHS = (
					"$(inherited)",
					"@executable_path/Frameworks",
				);
				PRODUCT_BUNDLE_IDENTIFIER = "com.valentinsilvera.Stock-Checker";
				PRODUCT_NAME = "$(TARGET_NAME)";
				SWIFT_VERSION = 5.0;
				TARGETED_DEVICE_FAMILY = "1,2";
			};
			name = Debug;
		};
		A720970525E2B89600277617 /* Release */ = {
			isa = XCBuildConfiguration;
			baseConfigurationReference = 0512CB819C68656FF0D73AA1 /* Pods-Stock Checker.release.xcconfig */;
			buildSettings = {
				ASSETCATALOG_COMPILER_APPICON_NAME = AppIcon;
				ASSETCATALOG_COMPILER_GLOBAL_ACCENT_COLOR_NAME = AccentColor;
				CODE_SIGN_ENTITLEMENTS = "Stock Checker/Stock Checker.entitlements";
				CODE_SIGN_STYLE = Automatic;
				DEVELOPMENT_ASSET_PATHS = "\"Stock Checker/Preview Content\"";
				DEVELOPMENT_TEAM = 9F4D8754ZW;
				ENABLE_PREVIEWS = YES;
				INFOPLIST_FILE = "Stock Checker/Info.plist";
				IPHONEOS_DEPLOYMENT_TARGET = 14.0;
				LD_RUNPATH_SEARCH_PATHS = (
					"$(inherited)",
					"@executable_path/Frameworks",
				);
				PRODUCT_BUNDLE_IDENTIFIER = "com.valentinsilvera.Stock-Checker";
				PRODUCT_NAME = "$(TARGET_NAME)";
				SWIFT_VERSION = 5.0;
				TARGETED_DEVICE_FAMILY = "1,2";
			};
			name = Release;
		};
		A720970725E2B89600277617 /* Debug */ = {
			isa = XCBuildConfiguration;
			baseConfigurationReference = 6A1276B7B6071607C991BE50 /* Pods-Stock CheckerTests.debug.xcconfig */;
			buildSettings = {
				ALWAYS_EMBED_SWIFT_STANDARD_LIBRARIES = YES;
				BUNDLE_LOADER = "$(TEST_HOST)";
				CODE_SIGN_STYLE = Automatic;
				DEVELOPMENT_TEAM = TR5Z37W278;
				INFOPLIST_FILE = "Stock CheckerTests/Info.plist";
				IPHONEOS_DEPLOYMENT_TARGET = 14.0;
				LD_RUNPATH_SEARCH_PATHS = (
					"$(inherited)",
					"@executable_path/Frameworks",
					"@loader_path/Frameworks",
				);
				PRODUCT_BUNDLE_IDENTIFIER = "com.valentinsilvera.Stock-CheckerTests";
				PRODUCT_NAME = "$(TARGET_NAME)";
				SWIFT_VERSION = 5.0;
				TARGETED_DEVICE_FAMILY = "1,2";
				TEST_HOST = "$(BUILT_PRODUCTS_DIR)/Stock Checker.app/Stock Checker";
			};
			name = Debug;
		};
		A720970825E2B89600277617 /* Release */ = {
			isa = XCBuildConfiguration;
			baseConfigurationReference = 9850F90F843B590E3A0E89F8 /* Pods-Stock CheckerTests.release.xcconfig */;
			buildSettings = {
				ALWAYS_EMBED_SWIFT_STANDARD_LIBRARIES = YES;
				BUNDLE_LOADER = "$(TEST_HOST)";
				CODE_SIGN_STYLE = Automatic;
				DEVELOPMENT_TEAM = TR5Z37W278;
				INFOPLIST_FILE = "Stock CheckerTests/Info.plist";
				IPHONEOS_DEPLOYMENT_TARGET = 14.0;
				LD_RUNPATH_SEARCH_PATHS = (
					"$(inherited)",
					"@executable_path/Frameworks",
					"@loader_path/Frameworks",
				);
				PRODUCT_BUNDLE_IDENTIFIER = "com.valentinsilvera.Stock-CheckerTests";
				PRODUCT_NAME = "$(TARGET_NAME)";
				SWIFT_VERSION = 5.0;
				TARGETED_DEVICE_FAMILY = "1,2";
				TEST_HOST = "$(BUILT_PRODUCTS_DIR)/Stock Checker.app/Stock Checker";
			};
			name = Release;
		};
		A720970A25E2B89600277617 /* Debug */ = {
			isa = XCBuildConfiguration;
			baseConfigurationReference = 4EB8DB4AE11DD82DB8B0F06F /* Pods-Stock Checker-Stock CheckerUITests.debug.xcconfig */;
			buildSettings = {
				ALWAYS_EMBED_SWIFT_STANDARD_LIBRARIES = YES;
				CODE_SIGN_STYLE = Automatic;
				DEVELOPMENT_TEAM = TR5Z37W278;
				INFOPLIST_FILE = "Stock CheckerUITests/Info.plist";
				LD_RUNPATH_SEARCH_PATHS = (
					"$(inherited)",
					"@executable_path/Frameworks",
					"@loader_path/Frameworks",
				);
				PRODUCT_BUNDLE_IDENTIFIER = "com.valentinsilvera.Stock-CheckerUITests";
				PRODUCT_NAME = "$(TARGET_NAME)";
				SWIFT_VERSION = 5.0;
				TARGETED_DEVICE_FAMILY = "1,2";
				TEST_TARGET_NAME = "Stock Checker";
			};
			name = Debug;
		};
		A720970B25E2B89600277617 /* Release */ = {
			isa = XCBuildConfiguration;
			baseConfigurationReference = 00D608F876A19DEB23E5BEAF /* Pods-Stock Checker-Stock CheckerUITests.release.xcconfig */;
			buildSettings = {
				ALWAYS_EMBED_SWIFT_STANDARD_LIBRARIES = YES;
				CODE_SIGN_STYLE = Automatic;
				DEVELOPMENT_TEAM = TR5Z37W278;
				INFOPLIST_FILE = "Stock CheckerUITests/Info.plist";
				LD_RUNPATH_SEARCH_PATHS = (
					"$(inherited)",
					"@executable_path/Frameworks",
					"@loader_path/Frameworks",
				);
				PRODUCT_BUNDLE_IDENTIFIER = "com.valentinsilvera.Stock-CheckerUITests";
				PRODUCT_NAME = "$(TARGET_NAME)";
				SWIFT_VERSION = 5.0;
				TARGETED_DEVICE_FAMILY = "1,2";
				TEST_TARGET_NAME = "Stock Checker";
			};
			name = Release;
		};
/* End XCBuildConfiguration section */

/* Begin XCConfigurationList section */
		A72096D925E2B89500277617 /* Build configuration list for PBXProject "Stock Checker" */ = {
			isa = XCConfigurationList;
			buildConfigurations = (
				A720970125E2B89600277617 /* Debug */,
				A720970225E2B89600277617 /* Release */,
			);
			defaultConfigurationIsVisible = 0;
			defaultConfigurationName = Release;
		};
		A720970325E2B89600277617 /* Build configuration list for PBXNativeTarget "Stock Checker" */ = {
			isa = XCConfigurationList;
			buildConfigurations = (
				A720970425E2B89600277617 /* Debug */,
				A720970525E2B89600277617 /* Release */,
			);
			defaultConfigurationIsVisible = 0;
			defaultConfigurationName = Release;
		};
		A720970625E2B89600277617 /* Build configuration list for PBXNativeTarget "Stock CheckerTests" */ = {
			isa = XCConfigurationList;
			buildConfigurations = (
				A720970725E2B89600277617 /* Debug */,
				A720970825E2B89600277617 /* Release */,
			);
			defaultConfigurationIsVisible = 0;
			defaultConfigurationName = Release;
		};
		A720970925E2B89600277617 /* Build configuration list for PBXNativeTarget "Stock CheckerUITests" */ = {
			isa = XCConfigurationList;
			buildConfigurations = (
				A720970A25E2B89600277617 /* Debug */,
				A720970B25E2B89600277617 /* Release */,
			);
			defaultConfigurationIsVisible = 0;
			defaultConfigurationName = Release;
		};
/* End XCConfigurationList section */

/* Begin XCRemoteSwiftPackageReference section */
		A71FEC6F25ED119B00C7A4B8 /* XCRemoteSwiftPackageReference "ChartView" */ = {
			isa = XCRemoteSwiftPackageReference;
			repositoryURL = "https://github.com/AppPear/ChartView";
			requirement = {
				kind = upToNextMajorVersion;
				minimumVersion = 1.5.4;
			};
		};
		A7FFE2FE25FD2F46006BAB24 /* XCRemoteSwiftPackageReference "iLineChart" */ = {
			isa = XCRemoteSwiftPackageReference;
			repositoryURL = "https://github.com/AlexFine/iLineChart.git";
			requirement = {
				kind = upToNextMajorVersion;
				minimumVersion = 1.6.4;
			};
		};
/* End XCRemoteSwiftPackageReference section */

/* Begin XCSwiftPackageProductDependency section */
		A7FFE2FF25FD2F46006BAB24 /* iLineChart */ = {
			isa = XCSwiftPackageProductDependency;
			package = A7FFE2FE25FD2F46006BAB24 /* XCRemoteSwiftPackageReference "iLineChart" */;
			productName = iLineChart;
		};
/* End XCSwiftPackageProductDependency section */
	};
	rootObject = A72096D625E2B89500277617 /* Project object */;
}
